// !$*UTF8*$!
{
	archiveVersion = 1;
	classes = {
	};
	objectVersion = 55;
	objects = {

/* Begin PBXBuildFile section */
		180DC50B27F8BC2B0064864A /* AppDelegate.swift in Sources */ = {isa = PBXBuildFile; fileRef = 180DC50A27F8BC2B0064864A /* AppDelegate.swift */; };
		180DC50D27F8BC2B0064864A /* SceneDelegate.swift in Sources */ = {isa = PBXBuildFile; fileRef = 180DC50C27F8BC2B0064864A /* SceneDelegate.swift */; };
		180DC50F27F8BC2B0064864A /* ListViewController.swift in Sources */ = {isa = PBXBuildFile; fileRef = 180DC50E27F8BC2B0064864A /* ListViewController.swift */; };
		180DC51227F8BC2B0064864A /* Main.storyboard in Resources */ = {isa = PBXBuildFile; fileRef = 180DC51027F8BC2B0064864A /* Main.storyboard */; };
		180DC51527F8BC2B0064864A /* Bladerunner.xcdatamodeld in Sources */ = {isa = PBXBuildFile; fileRef = 180DC51327F8BC2B0064864A /* Bladerunner.xcdatamodeld */; };
		180DC51727F8BC2F0064864A /* Assets.xcassets in Resources */ = {isa = PBXBuildFile; fileRef = 180DC51627F8BC2F0064864A /* Assets.xcassets */; };
		180DC51A27F8BC2F0064864A /* LaunchScreen.storyboard in Resources */ = {isa = PBXBuildFile; fileRef = 180DC51827F8BC2F0064864A /* LaunchScreen.storyboard */; };
		180DC52227F8BC5E0064864A /* Items.swift in Sources */ = {isa = PBXBuildFile; fileRef = 180DC52127F8BC5E0064864A /* Items.swift */; };
		180DC52427FA21800064864A /* detailViewController.swift in Sources */ = {isa = PBXBuildFile; fileRef = 180DC52327FA21800064864A /* detailViewController.swift */; };
		180DC52627FA2CC60064864A /* Item.swift in Sources */ = {isa = PBXBuildFile; fileRef = 180DC52527FA2CC60064864A /* Item.swift */; };
/* End PBXBuildFile section */

/* Begin PBXFileReference section */
		180DC50727F8BC2B0064864A /* Bladerunner.app */ = {isa = PBXFileReference; explicitFileType = wrapper.application; includeInIndex = 0; path = Bladerunner.app; sourceTree = BUILT_PRODUCTS_DIR; };
		180DC50A27F8BC2B0064864A /* AppDelegate.swift */ = {isa = PBXFileReference; lastKnownFileType = sourcecode.swift; path = AppDelegate.swift; sourceTree = "<group>"; };
		180DC50C27F8BC2B0064864A /* SceneDelegate.swift */ = {isa = PBXFileReference; lastKnownFileType = sourcecode.swift; path = SceneDelegate.swift; sourceTree = "<group>"; };
		180DC50E27F8BC2B0064864A /* ListViewController.swift */ = {isa = PBXFileReference; lastKnownFileType = sourcecode.swift; path = ListViewController.swift; sourceTree = "<group>"; };
		180DC51127F8BC2B0064864A /* Base */ = {isa = PBXFileReference; lastKnownFileType = file.storyboard; name = Base; path = Base.lproj/Main.storyboard; sourceTree = "<group>"; };
		180DC51427F8BC2B0064864A /* Bladerunner.xcdatamodel */ = {isa = PBXFileReference; lastKnownFileType = wrapper.xcdatamodel; path = Bladerunner.xcdatamodel; sourceTree = "<group>"; };
		180DC51627F8BC2F0064864A /* Assets.xcassets */ = {isa = PBXFileReference; lastKnownFileType = folder.assetcatalog; path = Assets.xcassets; sourceTree = "<group>"; };
		180DC51927F8BC2F0064864A /* Base */ = {isa = PBXFileReference; lastKnownFileType = file.storyboard; name = Base; path = Base.lproj/LaunchScreen.storyboard; sourceTree = "<group>"; };
		180DC51B27F8BC2F0064864A /* Info.plist */ = {isa = PBXFileReference; lastKnownFileType = text.plist.xml; path = Info.plist; sourceTree = "<group>"; };
		180DC52127F8BC5E0064864A /* Items.swift */ = {isa = PBXFileReference; lastKnownFileType = sourcecode.swift; path = Items.swift; sourceTree = "<group>"; };
		180DC52327FA21800064864A /* detailViewController.swift */ = {isa = PBXFileReference; lastKnownFileType = sourcecode.swift; path = detailViewController.swift; sourceTree = "<group>"; };
		180DC52527FA2CC60064864A /* Item.swift */ = {isa = PBXFileReference; lastKnownFileType = sourcecode.swift; path = Item.swift; sourceTree = "<group>"; };
/* End PBXFileReference section */

/* Begin PBXFrameworksBuildPhase section */
		180DC50427F8BC2B0064864A /* Frameworks */ = {
			isa = PBXFrameworksBuildPhase;
			buildActionMask = 2147483647;
			files = (
			);
			runOnlyForDeploymentPostprocessing = 0;
		};
/* End PBXFrameworksBuildPhase section */

/* Begin PBXGroup section */
		180DC4FE27F8BC2B0064864A = {
			isa = PBXGroup;
			children = (
				180DC50927F8BC2B0064864A /* Bladerunner */,
				180DC50827F8BC2B0064864A /* Products */,
			);
			sourceTree = "<group>";
		};
		180DC50827F8BC2B0064864A /* Products */ = {
			isa = PBXGroup;
			children = (
				180DC50727F8BC2B0064864A /* Bladerunner.app */,
			);
			name = Products;
			sourceTree = "<group>";
		};
		180DC50927F8BC2B0064864A /* Bladerunner */ = {
			isa = PBXGroup;
			children = (
				180DC50A27F8BC2B0064864A /* AppDelegate.swift */,
				180DC50C27F8BC2B0064864A /* SceneDelegate.swift */,
				180DC52527FA2CC60064864A /* Item.swift */,
				180DC52127F8BC5E0064864A /* Items.swift */,
				180DC50E27F8BC2B0064864A /* ListViewController.swift */,
				180DC52327FA21800064864A /* detailViewController.swift */,
				180DC51027F8BC2B0064864A /* Main.storyboard */,
				180DC51627F8BC2F0064864A /* Assets.xcassets */,
				180DC51827F8BC2F0064864A /* LaunchScreen.storyboard */,
				180DC51B27F8BC2F0064864A /* Info.plist */,
				180DC51327F8BC2B0064864A /* Bladerunner.xcdatamodeld */,
			);
			path = Bladerunner;
			sourceTree = "<group>";
		};
/* End PBXGroup section */

/* Begin PBXNativeTarget section */
		180DC50627F8BC2B0064864A /* Bladerunner */ = {
			isa = PBXNativeTarget;
			buildConfigurationList = 180DC51E27F8BC2F0064864A /* Build configuration list for PBXNativeTarget "Bladerunner" */;
			buildPhases = (
				180DC50327F8BC2B0064864A /* Sources */,
				180DC50427F8BC2B0064864A /* Frameworks */,
				180DC50527F8BC2B0064864A /* Resources */,
			);
			buildRules = (
			);
			dependencies = (
			);
			name = Bladerunner;
			productName = Bladerunner;
			productReference = 180DC50727F8BC2B0064864A /* Bladerunner.app */;
			productType = "com.apple.product-type.application";
		};
/* End PBXNativeTarget section */

/* Begin PBXProject section */
		180DC4FF27F8BC2B0064864A /* Project object */ = {
			isa = PBXProject;
			attributes = {
				BuildIndependentTargetsInParallel = 1;
				LastSwiftUpdateCheck = 1330;
				LastUpgradeCheck = 1330;
				TargetAttributes = {
					180DC50627F8BC2B0064864A = {
						CreatedOnToolsVersion = 13.3;
					};
				};
			};
			buildConfigurationList = 180DC50227F8BC2B0064864A /* Build configuration list for PBXProject "Bladerunner" */;
			compatibilityVersion = "Xcode 13.0";
			developmentRegion = en;
			hasScannedForEncodings = 0;
			knownRegions = (
				en,
				Base,
			);
			mainGroup = 180DC4FE27F8BC2B0064864A;
			productRefGroup = 180DC50827F8BC2B0064864A /* Products */;
			projectDirPath = "";
			projectRoot = "";
			targets = (
				180DC50627F8BC2B0064864A /* Bladerunner */,
			);
		};
/* End PBXProject section */

/* Begin PBXResourcesBuildPhase section */
		180DC50527F8BC2B0064864A /* Resources */ = {
			isa = PBXResourcesBuildPhase;
			buildActionMask = 2147483647;
			files = (
				180DC51A27F8BC2F0064864A /* LaunchScreen.storyboard in Resources */,
				180DC51727F8BC2F0064864A /* Assets.xcassets in Resources */,
				180DC51227F8BC2B0064864A /* Main.storyboard in Resources */,
			);
			runOnlyForDeploymentPostprocessing = 0;
		};
/* End PBXResourcesBuildPhase section */

/* Begin PBXSourcesBuildPhase section */
		180DC50327F8BC2B0064864A /* Sources */ = {
			isa = PBXSourcesBuildPhase;
			buildActionMask = 2147483647;
			files = (
				180DC52227F8BC5E0064864A /* Items.swift in Sources */,
				180DC50F27F8BC2B0064864A /* ListViewController.swift in Sources */,
				180DC50B27F8BC2B0064864A /* AppDelegate.swift in Sources */,
				180DC51527F8BC2B0064864A /* Bladerunner.xcdatamodeld in Sources */,
				180DC52627FA2CC60064864A /* Item.swift in Sources */,
				180DC50D27F8BC2B0064864A /* SceneDelegate.swift in Sources */,
				180DC52427FA21800064864A /* detailViewController.swift in Sources */,
			);
			runOnlyForDeploymentPostprocessing = 0;
		};
/* End PBXSourcesBuildPhase section */

/* Begin PBXVariantGroup section */
		180DC51027F8BC2B0064864A /* Main.storyboard */ = {
			isa = PBXVariantGroup;
			children = (
				180DC51127F8BC2B0064864A /* Base */,
			);
			name = Main.storyboard;
			sourceTree = "<group>";
		};
		180DC51827F8BC2F0064864A /* LaunchScreen.storyboard */ = {
			isa = PBXVariantGroup;
			children = (
				180DC51927F8BC2F0064864A /* Base */,
			);
			name = LaunchScreen.storyboard;
			sourceTree = "<group>";
		};
/* End PBXVariantGroup section */

/* Begin XCBuildConfiguration section */
		180DC51C27F8BC2F0064864A /* Debug */ = {
			isa = XCBuildConfiguration;
			buildSettings = {
				ALWAYS_SEARCH_USER_PATHS = NO;
				CLANG_ANALYZER_NONNULL = YES;
				CLANG_ANALYZER_NUMBER_OBJECT_CONVERSION = YES_AGGRESSIVE;
				CLANG_CXX_LANGUAGE_STANDARD = "gnu++17";
				CLANG_ENABLE_MODULES = YES;
				CLANG_ENABLE_OBJC_ARC = YES;
				CLANG_ENABLE_OBJC_WEAK = YES;
				CLANG_WARN_BLOCK_CAPTURE_AUTORELEASING = YES;
				CLANG_WARN_BOOL_CONVERSION = YES;
				CLANG_WARN_COMMA = YES;
				CLANG_WARN_CONSTANT_CONVERSION = YES;
				CLANG_WARN_DEPRECATED_OBJC_IMPLEMENTATIONS = YES;
				CLANG_WARN_DIRECT_OBJC_ISA_USAGE = YES_ERROR;
				CLANG_WARN_DOCUMENTATION_COMMENTS = YES;
				CLANG_WARN_EMPTY_BODY = YES;
				CLANG_WARN_ENUM_CONVERSION = YES;
				CLANG_WARN_INFINITE_RECURSION = YES;
				CLANG_WARN_INT_CONVERSION = YES;
				CLANG_WARN_NON_LITERAL_NULL_CONVERSION = YES;
				CLANG_WARN_OBJC_IMPLICIT_RETAIN_SELF = YES;
				CLANG_WARN_OBJC_LITERAL_CONVERSION = YES;
				CLANG_WARN_OBJC_ROOT_CLASS = YES_ERROR;
				CLANG_WARN_QUOTED_INCLUDE_IN_FRAMEWORK_HEADER = YES;
				CLANG_WARN_RANGE_LOOP_ANALYSIS = YES;
				CLANG_WARN_STRICT_PROTOTYPES = YES;
				CLANG_WARN_SUSPICIOUS_MOVE = YES;
				CLANG_WARN_UNGUARDED_AVAILABILITY = YES_AGGRESSIVE;
				CLANG_WARN_UNREACHABLE_CODE = YES;
				CLANG_WARN__DUPLICATE_METHOD_MATCH = YES;
				COPY_PHASE_STRIP = NO;
				DEBUG_INFORMATION_FORMAT = dwarf;
				ENABLE_STRICT_OBJC_MSGSEND = YES;
				ENABLE_TESTABILITY = YES;
				GCC_C_LANGUAGE_STANDARD = gnu11;
				GCC_DYNAMIC_NO_PIC = NO;
				GCC_NO_COMMON_BLOCKS = YES;
				GCC_OPTIMIZATION_LEVEL = 0;
				GCC_PREPROCESSOR_DEFINITIONS = (
					"DEBUG=1",
					"$(inherited)",
				);
				GCC_WARN_64_TO_32_BIT_CONVERSION = YES;
				GCC_WARN_ABOUT_RETURN_TYPE = YES_ERROR;
				GCC_WARN_UNDECLARED_SELECTOR = YES;
				GCC_WARN_UNINITIALIZED_AUTOS = YES_AGGRESSIVE;
				GCC_WARN_UNUSED_FUNCTION = YES;
				GCC_WARN_UNUSED_VARIABLE = YES;
				IPHONEOS_DEPLOYMENT_TARGET = 15.4;
				MTL_ENABLE_DEBUG_INFO = INCLUDE_SOURCE;
				MTL_FAST_MATH = YES;
				ONLY_ACTIVE_ARCH = YES;
				SDKROOT = iphoneos;
				SWIFT_ACTIVE_COMPILATION_CONDITIONS = DEBUG;
				SWIFT_OPTIMIZATION_LEVEL = "-Onone";
			};
			name = Debug;
		};
		180DC51D27F8BC2F0064864A /* Release */ = {
			isa = XCBuildConfiguration;
			buildSettings = {
				ALWAYS_SEARCH_USER_PATHS = NO;
				CLANG_ANALYZER_NONNULL = YES;
				CLANG_ANALYZER_NUMBER_OBJECT_CONVERSION = YES_AGGRESSIVE;
				CLANG_CXX_LANGUAGE_STANDARD = "gnu++17";
				CLANG_ENABLE_MODULES = YES;
				CLANG_ENABLE_OBJC_ARC = YES;
				CLANG_ENABLE_OBJC_WEAK = YES;
				CLANG_WARN_BLOCK_CAPTURE_AUTORELEASING = YES;
				CLANG_WARN_BOOL_CONVERSION = YES;
				CLANG_WARN_COMMA = YES;
				CLANG_WARN_CONSTANT_CONVERSION = YES;
				CLANG_WARN_DEPRECATED_OBJC_IMPLEMENTATIONS = YES;
				CLANG_WARN_DIRECT_OBJC_ISA_USAGE = YES_ERROR;
				CLANG_WARN_DOCUMENTATION_COMMENTS = YES;
				CLANG_WARN_EMPTY_BODY = YES;
				CLANG_WARN_ENUM_CONVERSION = YES;
				CLANG_WARN_INFINITE_RECURSION = YES;
				CLANG_WARN_INT_CONVERSION = YES;
				CLANG_WARN_NON_LITERAL_NULL_CONVERSION = YES;
				CLANG_WARN_OBJC_IMPLICIT_RETAIN_SELF = YES;
				CLANG_WARN_OBJC_LITERAL_CONVERSION = YES;
				CLANG_WARN_OBJC_ROOT_CLASS = YES_ERROR;
				CLANG_WARN_QUOTED_INCLUDE_IN_FRAMEWORK_HEADER = YES;
				CLANG_WARN_RANGE_LOOP_ANALYSIS = YES;
				CLANG_WARN_STRICT_PROTOTYPES = YES;
				CLANG_WARN_SUSPICIOUS_MOVE = YES;
				CLANG_WARN_UNGUARDED_AVAILABILITY = YES_AGGRESSIVE;
				CLANG_WARN_UNREACHABLE_CODE = YES;
				CLANG_WARN__DUPLICATE_METHOD_MATCH = YES;
				COPY_PHASE_STRIP = NO;
				DEBUG_INFORMATION_FORMAT = "dwarf-with-dsym";
				ENABLE_NS_ASSERTIONS = NO;
				ENABLE_STRICT_OBJC_MSGSEND = YES;
				GCC_C_LANGUAGE_STANDARD = gnu11;
				GCC_NO_COMMON_BLOCKS = YES;
				GCC_WARN_64_TO_32_BIT_CONVERSION = YES;
				GCC_WARN_ABOUT_RETURN_TYPE = YES_ERROR;
				GCC_WARN_UNDECLARED_SELECTOR = YES;
				GCC_WARN_UNINITIALIZED_AUTOS = YES_AGGRESSIVE;
				GCC_WARN_UNUSED_FUNCTION = YES;
				GCC_WARN_UNUSED_VARIABLE = YES;
				IPHONEOS_DEPLOYMENT_TARGET = 15.4;
				MTL_ENABLE_DEBUG_INFO = NO;
				MTL_FAST_MATH = YES;
				SDKROOT = iphoneos;
				SWIFT_COMPILATION_MODE = wholemodule;
				SWIFT_OPTIMIZATION_LEVEL = "-O";
				VALIDATE_PRODUCT = YES;
			};
			name = Release;
		};
		180DC51F27F8BC2F0064864A /* Debug */ = {
			isa = XCBuildConfiguration;
			buildSettings = {
				ASSETCATALOG_COMPILER_APPICON_NAME = AppIcon;
				ASSETCATALOG_COMPILER_GLOBAL_ACCENT_COLOR_NAME = AccentColor;
				CODE_SIGN_STYLE = Automatic;
				CURRENT_PROJECT_VERSION = 1;
				GENERATE_INFOPLIST_FILE = YES;
				INFOPLIST_FILE = Bladerunner/Info.plist;
				INFOPLIST_KEY_UIApplicationSupportsIndirectInputEvents = YES;
				INFOPLIST_KEY_UILaunchStoryboardName = LaunchScreen;
				INFOPLIST_KEY_UIMainStoryboardFile = Main;
				INFOPLIST_KEY_UISupportedInterfaceOrientations_iPad = "UIInterfaceOrientationPortrait UIInterfaceOrientationPortraitUpsideDown UIInterfaceOrientationLandscapeLeft UIInterfaceOrientationLandscapeRight";
				INFOPLIST_KEY_UISupportedInterfaceOrientations_iPhone = "UIInterfaceOrientationPortrait UIInterfaceOrientationLandscapeLeft UIInterfaceOrientationLandscapeRight";
				LD_RUNPATH_SEARCH_PATHS = (
					"$(inherited)",
					"@executable_path/Frameworks",
				);
				MARKETING_VERSION = 1.0;
				PRODUCT_BUNDLE_IDENTIFIER = coditas.Bladerunner;
				PRODUCT_NAME = "$(TARGET_NAME)";
				SWIFT_EMIT_LOC_STRINGS = YES;
				SWIFT_VERSION = 5.0;
				TARGETED_DEVICE_FAMILY = "1,2";
			};
			name = Debug;
		};
		180DC52027F8BC2F0064864A /* Release */ = {
			isa = XCBuildConfiguration;
			buildSettings = {
				ASSETCATALOG_COMPILER_APPICON_NAME = AppIcon;
				ASSETCATALOG_COMPILER_GLOBAL_ACCENT_COLOR_NAME = AccentColor;
				CODE_SIGN_STYLE = Automatic;
				CURRENT_PROJECT_VERSION = 1;
				GENERATE_INFOPLIST_FILE = YES;
				INFOPLIST_FILE = Bladerunner/Info.plist;
				INFOPLIST_KEY_UIApplicationSupportsIndirectInputEvents = YES;
				INFOPLIST_KEY_UILaunchStoryboardName = LaunchScreen;
				INFOPLIST_KEY_UIMainStoryboardFile = Main;
				INFOPLIST_KEY_UISupportedInterfaceOrientations_iPad = "UIInterfaceOrientationPortrait UIInterfaceOrientationPortraitUpsideDown UIInterfaceOrientationLandscapeLeft UIInterfaceOrientationLandscapeRight";
				INFOPLIST_KEY_UISupportedInterfaceOrientations_iPhone = "UIInterfaceOrientationPortrait UIInterfaceOrientationLandscapeLeft UIInterfaceOrientationLandscapeRight";
				LD_RUNPATH_SEARCH_PATHS = (
					"$(inherited)",
					"@executable_path/Frameworks",
				);
				MARKETING_VERSION = 1.0;
				PRODUCT_BUNDLE_IDENTIFIER = coditas.Bladerunner;
				PRODUCT_NAME = "$(TARGET_NAME)";
				SWIFT_EMIT_LOC_STRINGS = YES;
				SWIFT_VERSION = 5.0;
				TARGETED_DEVICE_FAMILY = "1,2";
			};
			name = Release;
		};
/* End XCBuildConfiguration section */

/* Begin XCConfigurationList section */
		180DC50227F8BC2B0064864A /* Build configuration list for PBXProject "Bladerunner" */ = {
			isa = XCConfigurationList;
			buildConfigurations = (
				180DC51C27F8BC2F0064864A /* Debug */,
				180DC51D27F8BC2F0064864A /* Release */,
			);
			defaultConfigurationIsVisible = 0;
			defaultConfigurationName = Release;
		};
		180DC51E27F8BC2F0064864A /* Build configuration list for PBXNativeTarget "Bladerunner" */ = {
			isa = XCConfigurationList;
			buildConfigurations = (
				180DC51F27F8BC2F0064864A /* Debug */,
				180DC52027F8BC2F0064864A /* Release */,
			);
			defaultConfigurationIsVisible = 0;
			defaultConfigurationName = Release;
		};
/* End XCConfigurationList section */

/* Begin XCVersionGroup section */
		180DC51327F8BC2B0064864A /* Bladerunner.xcdatamodeld */ = {
			isa = XCVersionGroup;
			children = (
				180DC51427F8BC2B0064864A /* Bladerunner.xcdatamodel */,
			);
			currentVersion = 180DC51427F8BC2B0064864A /* Bladerunner.xcdatamodel */;
			path = Bladerunner.xcdatamodeld;
			sourceTree = "<group>";
			versionGroupType = wrapper.xcdatamodel;
		};
/* End XCVersionGroup section */
	};
	rootObject = 180DC4FF27F8BC2B0064864A /* Project object */;
}
